
Microsoft Visual Studio Solution File, Format Version 12.00
# Visual Studio 15
VisualStudioVersion = 15.0.26403.0
MinimumVisualStudioVersion = 10.0.40219.1
Project("{8BC9CEB8-8B4A-11D0-8D11-00A0C91BC942}") = "Core", "cpp_arcade.vcxproj", "{214C9846-080F-4916-9A28-8FB713400826}"
EndProject
Project("{8BC9CEB8-8B4A-11D0-8D11-00A0C91BC942}") = "Common", "Common\Common.vcxitems", "{4B985EF5-A2BC-4635-9E15-FEF8C6C58650}"
EndProject
Project("{2150E333-8FDC-42A3-9474-1A3956D46DE8}") = "Games", "Games", "{9C25028E-55A1-49DA-A913-22837FEA6CFA}"
EndProject
Project("{2150E333-8FDC-42A3-9474-1A3956D46DE8}") = "GfxLibs", "GfxLibs", "{5C2945FD-D162-4721-9CA2-BF274398587A}"
EndProject
Project("{8BC9CEB8-8B4A-11D0-8D11-00A0C91BC942}") = "sdl", "libs_sources\sdl\sdl.vcxproj", "{DA431F04-FA13-434A-B130-60C695F912A3}"
EndProject
Project("{8BC9CEB8-8B4A-11D0-8D11-00A0C91BC942}") = "snake", "games_sources\snake\snake.vcxproj", "{92259D7F-3C73-4E3C-80C9-0217D7DB14FD}"
EndProject
Project("{8BC9CEB8-8B4A-11D0-8D11-00A0C91BC942}") = "sfml", "libs_sources\sfml\sfml.vcxproj", "{4F6ECCBC-394F-4EC9-9283-0A400350EF83}"
EndProject
Project("{8BC9CEB8-8B4A-11D0-8D11-00A0C91BC942}") = "caca", "libs_sources\caca\caca.vcxproj", "{C2DD2552-A910-4B40-8673-43EE80F60985}"
EndProject
Project("{8BC9CEB8-8B4A-11D0-8D11-00A0C91BC942}") = "lapin", "libs_sources\lapin\lapin.vcxproj", "{BA33537E-6A5C-42EF-8D77-93A7818DE97A}"
EndProject
Project("{8BC9CEB8-8B4A-11D0-8D11-00A0C91BC942}") = "ncurses", "libs_sources\ncurses\ncurses.vcxproj", "{42FD8432-007C-48E1-B499-32B47CEBECAF}"
EndProject
Project("{8BC9CEB8-8B4A-11D0-8D11-00A0C91BC942}") = "allegro5", "libs_sources\allegro5\allegro5.vcxproj", "{548D7922-A677-4640-A9E5-A1130A4FB29E}"
EndProject
Project("{8BC9CEB8-8B4A-11D0-8D11-00A0C91BC942}") = "x", "libs_sources\x\x.vcxproj", "{FEB9D7A9-1807-4569-82A6-BECA797AB0B3}"
EndProject
Project("{8BC9CEB8-8B4A-11D0-8D11-00A0C91BC942}") = "centipede", "games_sources\centipede\centipede.vcxproj", "{9EDBD184-FC3C-4E40-BD99-0A450B538F77}"
EndProject
Project("{8BC9CEB8-8B4A-11D0-8D11-00A0C91BC942}") = "pong", "games_sources\pong\pong.vcxproj", "{F88939A9-9731-4159-95A3-07C299BCE5A6}"
EndProject
Project("{8BC9CEB8-8B4A-11D0-8D11-00A0C91BC942}") = "sfml_sound", "libs_sources\sfml_sound\sfml_sound.vcxproj", "{CEE615EF-B209-41BB-8EF4-B063AB43F940}"
EndProject
Project("{8BC9CEB8-8B4A-11D0-8D11-00A0C91BC942}") = "solarfox", "games_sources\solarfox\solarfox.vcxproj", "{CBAB38EA-2C7A-42C0-A801-58FAB321935D}"
EndProject
Global
	GlobalSection(SharedMSBuildProjectFiles) = preSolution
		Common\Common.vcxitems*{214c9846-080f-4916-9a28-8fb713400826}*SharedItemsImports = 4
		Common\Common.vcxitems*{42fd8432-007c-48e1-b499-32b47cebecaf}*SharedItemsImports = 4
		Common\Common.vcxitems*{4b985ef5-a2bc-4635-9e15-fef8c6c58650}*SharedItemsImports = 9
		Common\Common.vcxitems*{4f6eccbc-394f-4ec9-9283-0a400350ef83}*SharedItemsImports = 4
		Common\Common.vcxitems*{92259d7f-3c73-4e3c-80c9-0217d7db14fd}*SharedItemsImports = 4
		Common\Common.vcxitems*{ba33537e-6a5c-42ef-8d77-93a7818de97a}*SharedItemsImports = 4
		Common\Common.vcxitems*{c2dd2552-a910-4b40-8673-43ee80f60985}*SharedItemsImports = 4
		Common\Common.vcxitems*{da431f04-fa13-434a-b130-60c695f912a3}*SharedItemsImports = 4
		Common\Common.vcxitems*{f88939a9-9731-4159-95a3-07c299bce5a6}*SharedItemsImports = 4
	EndGlobalSection
	GlobalSection(SolutionConfigurationPlatforms) = preSolution
		Debug|x64 = Debug|x64
		Debug|x86 = Debug|x86
		Release|x64 = Release|x64
		Release|x86 = Release|x86
	EndGlobalSection
	GlobalSection(ProjectConfigurationPlatforms) = postSolution
		{214C9846-080F-4916-9A28-8FB713400826}.Debug|x64.ActiveCfg = Debug|x64
		{214C9846-080F-4916-9A28-8FB713400826}.Debug|x64.Build.0 = Debug|x64
		{214C9846-080F-4916-9A28-8FB713400826}.Debug|x86.ActiveCfg = Debug|Win32
		{214C9846-080F-4916-9A28-8FB713400826}.Debug|x86.Build.0 = Debug|Win32
		{214C9846-080F-4916-9A28-8FB713400826}.Release|x64.ActiveCfg = Release|x64
		{214C9846-080F-4916-9A28-8FB713400826}.Release|x64.Build.0 = Release|x64
		{214C9846-080F-4916-9A28-8FB713400826}.Release|x86.ActiveCfg = Release|Win32
		{214C9846-080F-4916-9A28-8FB713400826}.Release|x86.Build.0 = Release|Win32
		{DA431F04-FA13-434A-B130-60C695F912A3}.Debug|x64.ActiveCfg = Debug|x64
		{DA431F04-FA13-434A-B130-60C695F912A3}.Debug|x64.Build.0 = Debug|x64
		{DA431F04-FA13-434A-B130-60C695F912A3}.Debug|x86.ActiveCfg = Debug|Win32
		{DA431F04-FA13-434A-B130-60C695F912A3}.Debug|x86.Build.0 = Debug|Win32
		{DA431F04-FA13-434A-B130-60C695F912A3}.Release|x64.ActiveCfg = Release|x64
		{DA431F04-FA13-434A-B130-60C695F912A3}.Release|x64.Build.0 = Release|x64
		{DA431F04-FA13-434A-B130-60C695F912A3}.Release|x86.ActiveCfg = Release|Win32
		{DA431F04-FA13-434A-B130-60C695F912A3}.Release|x86.Build.0 = Release|Win32
		{92259D7F-3C73-4E3C-80C9-0217D7DB14FD}.Debug|x64.ActiveCfg = Debug|x64
		{92259D7F-3C73-4E3C-80C9-0217D7DB14FD}.Debug|x64.Build.0 = Debug|x64
		{92259D7F-3C73-4E3C-80C9-0217D7DB14FD}.Debug|x86.ActiveCfg = Debug|Win32
		{92259D7F-3C73-4E3C-80C9-0217D7DB14FD}.Debug|x86.Build.0 = Debug|Win32
		{92259D7F-3C73-4E3C-80C9-0217D7DB14FD}.Release|x64.ActiveCfg = Release|x64
		{92259D7F-3C73-4E3C-80C9-0217D7DB14FD}.Release|x64.Build.0 = Release|x64
		{92259D7F-3C73-4E3C-80C9-0217D7DB14FD}.Release|x86.ActiveCfg = Release|Win32
		{92259D7F-3C73-4E3C-80C9-0217D7DB14FD}.Release|x86.Build.0 = Release|Win32
		{4F6ECCBC-394F-4EC9-9283-0A400350EF83}.Debug|x64.ActiveCfg = Debug|x64
		{4F6ECCBC-394F-4EC9-9283-0A400350EF83}.Debug|x64.Build.0 = Debug|x64
		{4F6ECCBC-394F-4EC9-9283-0A400350EF83}.Debug|x86.ActiveCfg = Debug|Win32
		{4F6ECCBC-394F-4EC9-9283-0A400350EF83}.Debug|x86.Build.0 = Debug|Win32
		{4F6ECCBC-394F-4EC9-9283-0A400350EF83}.Release|x64.ActiveCfg = Release|x64
		{4F6ECCBC-394F-4EC9-9283-0A400350EF83}.Release|x64.Build.0 = Release|x64
		{4F6ECCBC-394F-4EC9-9283-0A400350EF83}.Release|x86.ActiveCfg = Release|Win32
		{4F6ECCBC-394F-4EC9-9283-0A400350EF83}.Release|x86.Build.0 = Release|Win32
		{C2DD2552-A910-4B40-8673-43EE80F60985}.Debug|x64.ActiveCfg = Debug|x64
		{C2DD2552-A910-4B40-8673-43EE80F60985}.Debug|x64.Build.0 = Debug|x64
		{C2DD2552-A910-4B40-8673-43EE80F60985}.Debug|x86.ActiveCfg = Debug|Win32
		{C2DD2552-A910-4B40-8673-43EE80F60985}.Debug|x86.Build.0 = Debug|Win32
		{C2DD2552-A910-4B40-8673-43EE80F60985}.Release|x64.ActiveCfg = Release|x64
		{C2DD2552-A910-4B40-8673-43EE80F60985}.Release|x64.Build.0 = Release|x64
		{C2DD2552-A910-4B40-8673-43EE80F60985}.Release|x86.ActiveCfg = Release|Win32
		{C2DD2552-A910-4B40-8673-43EE80F60985}.Release|x86.Build.0 = Release|Win32
		{BA33537E-6A5C-42EF-8D77-93A7818DE97A}.Debug|x64.ActiveCfg = Debug|x64
		{BA33537E-6A5C-42EF-8D77-93A7818DE97A}.Debug|x64.Build.0 = Debug|x64
		{BA33537E-6A5C-42EF-8D77-93A7818DE97A}.Debug|x86.ActiveCfg = Debug|Win32
		{BA33537E-6A5C-42EF-8D77-93A7818DE97A}.Debug|x86.Build.0 = Debug|Win32
		{BA33537E-6A5C-42EF-8D77-93A7818DE97A}.Release|x64.ActiveCfg = Release|x64
		{BA33537E-6A5C-42EF-8D77-93A7818DE97A}.Release|x64.Build.0 = Release|x64
		{BA33537E-6A5C-42EF-8D77-93A7818DE97A}.Release|x86.ActiveCfg = Release|Win32
		{BA33537E-6A5C-42EF-8D77-93A7818DE97A}.Release|x86.Build.0 = Release|Win32
		{42FD8432-007C-48E1-B499-32B47CEBECAF}.Debug|x64.ActiveCfg = Debug|x64
		{42FD8432-007C-48E1-B499-32B47CEBECAF}.Debug|x64.Build.0 = Debug|x64
		{42FD8432-007C-48E1-B499-32B47CEBECAF}.Debug|x86.ActiveCfg = Debug|Win32
		{42FD8432-007C-48E1-B499-32B47CEBECAF}.Debug|x86.Build.0 = Debug|Win32
		{42FD8432-007C-48E1-B499-32B47CEBECAF}.Release|x64.ActiveCfg = Release|x64
		{42FD8432-007C-48E1-B499-32B47CEBECAF}.Release|x64.Build.0 = Release|x64
		{42FD8432-007C-48E1-B499-32B47CEBECAF}.Release|x86.ActiveCfg = Release|Win32
		{42FD8432-007C-48E1-B499-32B47CEBECAF}.Release|x86.Build.0 = Release|Win32
		{548D7922-A677-4640-A9E5-A1130A4FB29E}.Debug|x64.ActiveCfg = Debug|x64
		{548D7922-A677-4640-A9E5-A1130A4FB29E}.Debug|x64.Build.0 = Debug|x64
		{548D7922-A677-4640-A9E5-A1130A4FB29E}.Debug|x86.ActiveCfg = Debug|Win32
		{548D7922-A677-4640-A9E5-A1130A4FB29E}.Debug|x86.Build.0 = Debug|Win32
		{548D7922-A677-4640-A9E5-A1130A4FB29E}.Release|x64.ActiveCfg = Release|x64
		{548D7922-A677-4640-A9E5-A1130A4FB29E}.Release|x64.Build.0 = Release|x64
		{548D7922-A677-4640-A9E5-A1130A4FB29E}.Release|x86.ActiveCfg = Release|Win32
		{548D7922-A677-4640-A9E5-A1130A4FB29E}.Release|x86.Build.0 = Release|Win32
		{FEB9D7A9-1807-4569-82A6-BECA797AB0B3}.Debug|x64.ActiveCfg = Debug|x64
		{FEB9D7A9-1807-4569-82A6-BECA797AB0B3}.Debug|x64.Build.0 = Debug|x64
		{FEB9D7A9-1807-4569-82A6-BECA797AB0B3}.Debug|x86.ActiveCfg = Debug|Win32
		{FEB9D7A9-1807-4569-82A6-BECA797AB0B3}.Debug|x86.Build.0 = Debug|Win32
		{FEB9D7A9-1807-4569-82A6-BECA797AB0B3}.Release|x64.ActiveCfg = Release|x64
		{FEB9D7A9-1807-4569-82A6-BECA797AB0B3}.Release|x64.Build.0 = Release|x64
		{FEB9D7A9-1807-4569-82A6-BECA797AB0B3}.Release|x86.ActiveCfg = Release|Win32
		{FEB9D7A9-1807-4569-82A6-BECA797AB0B3}.Release|x86.Build.0 = Release|Win32
		{9EDBD184-FC3C-4E40-BD99-0A450B538F77}.Debug|x64.ActiveCfg = Debug|x64
		{9EDBD184-FC3C-4E40-BD99-0A450B538F77}.Debug|x64.Build.0 = Debug|x64
		{9EDBD184-FC3C-4E40-BD99-0A450B538F77}.Debug|x86.ActiveCfg = Debug|Win32
		{9EDBD184-FC3C-4E40-BD99-0A450B538F77}.Debug|x86.Build.0 = Debug|Win32
		{9EDBD184-FC3C-4E40-BD99-0A450B538F77}.Release|x64.ActiveCfg = Release|x64
		{9EDBD184-FC3C-4E40-BD99-0A450B538F77}.Release|x64.Build.0 = Release|x64
		{9EDBD184-FC3C-4E40-BD99-0A450B538F77}.Release|x86.ActiveCfg = Release|Win32
		{9EDBD184-FC3C-4E40-BD99-0A450B538F77}.Release|x86.Build.0 = Release|Win32
		{F88939A9-9731-4159-95A3-07C299BCE5A6}.Debug|x64.ActiveCfg = Debug|x64
		{F88939A9-9731-4159-95A3-07C299BCE5A6}.Debug|x64.Build.0 = Debug|x64
		{F88939A9-9731-4159-95A3-07C299BCE5A6}.Debug|x86.ActiveCfg = Debug|Win32
		{F88939A9-9731-4159-95A3-07C299BCE5A6}.Debug|x86.Build.0 = Debug|Win32
		{F88939A9-9731-4159-95A3-07C299BCE5A6}.Release|x64.ActiveCfg = Release|x64
		{F88939A9-9731-4159-95A3-07C299BCE5A6}.Release|x64.Build.0 = Release|x64
		{F88939A9-9731-4159-95A3-07C299BCE5A6}.Release|x86.ActiveCfg = Release|Win32
		{F88939A9-9731-4159-95A3-07C299BCE5A6}.Release|x86.Build.0 = Release|Win32
		{CEE615EF-B209-41BB-8EF4-B063AB43F940}.Debug|x64.ActiveCfg = Debug|x64
		{CEE615EF-B209-41BB-8EF4-B063AB43F940}.Debug|x64.Build.0 = Debug|x64
		{CEE615EF-B209-41BB-8EF4-B063AB43F940}.Debug|x86.ActiveCfg = Debug|Win32
		{CEE615EF-B209-41BB-8EF4-B063AB43F940}.Debug|x86.Build.0 = Debug|Win32
		{CEE615EF-B209-41BB-8EF4-B063AB43F940}.Release|x64.ActiveCfg = Release|x64
		{CEE615EF-B209-41BB-8EF4-B063AB43F940}.Release|x64.Build.0 = Release|x64
		{CEE615EF-B209-41BB-8EF4-B063AB43F940}.Release|x86.ActiveCfg = Release|Win32
		{CEE615EF-B209-41BB-8EF4-B063AB43F940}.Release|x86.Build.0 = Release|Win32
		{CBAB38EA-2C7A-42C0-A801-58FAB321935D}.Debug|x64.ActiveCfg = Debug|x64
		{CBAB38EA-2C7A-42C0-A801-58FAB321935D}.Debug|x64.Build.0 = Debug|x64
		{CBAB38EA-2C7A-42C0-A801-58FAB321935D}.Debug|x86.ActiveCfg = Debug|Win32
		{CBAB38EA-2C7A-42C0-A801-58FAB321935D}.Debug|x86.Build.0 = Debug|Win32
		{CBAB38EA-2C7A-42C0-A801-58FAB321935D}.Release|x64.ActiveCfg = Release|x64
		{CBAB38EA-2C7A-42C0-A801-58FAB321935D}.Release|x64.Build.0 = Release|x64
		{CBAB38EA-2C7A-42C0-A801-58FAB321935D}.Release|x86.ActiveCfg = Release|Win32
		{CBAB38EA-2C7A-42C0-A801-58FAB321935D}.Release|x86.Build.0 = Release|Win32
	EndGlobalSection
	GlobalSection(SolutionProperties) = preSolution
		HideSolutionNode = FALSE
	EndGlobalSection
	GlobalSection(NestedProjects) = preSolution
		{DA431F04-FA13-434A-B130-60C695F912A3} = {5C2945FD-D162-4721-9CA2-BF274398587A}
		{92259D7F-3C73-4E3C-80C9-0217D7DB14FD} = {9C25028E-55A1-49DA-A913-22837FEA6CFA}
		{4F6ECCBC-394F-4EC9-9283-0A400350EF83} = {5C2945FD-D162-4721-9CA2-BF274398587A}
		{C2DD2552-A910-4B40-8673-43EE80F60985} = {5C2945FD-D162-4721-9CA2-BF274398587A}
		{BA33537E-6A5C-42EF-8D77-93A7818DE97A} = {5C2945FD-D162-4721-9CA2-BF274398587A}
		{42FD8432-007C-48E1-B499-32B47CEBECAF} = {5C2945FD-D162-4721-9CA2-BF274398587A}
		{548D7922-A677-4640-A9E5-A1130A4FB29E} = {5C2945FD-D162-4721-9CA2-BF274398587A}
		{FEB9D7A9-1807-4569-82A6-BECA797AB0B3} = {5C2945FD-D162-4721-9CA2-BF274398587A}
		{9EDBD184-FC3C-4E40-BD99-0A450B538F77} = {9C25028E-55A1-49DA-A913-22837FEA6CFA}
		{F88939A9-9731-4159-95A3-07C299BCE5A6} = {9C25028E-55A1-49DA-A913-22837FEA6CFA}
		{CEE615EF-B209-41BB-8EF4-B063AB43F940} = {5C2945FD-D162-4721-9CA2-BF274398587A}
		{CBAB38EA-2C7A-42C0-A801-58FAB321935D} = {9C25028E-55A1-49DA-A913-22837FEA6CFA}
	EndGlobalSection
EndGlobal
