
Microsoft Visual Studio Solution File, Format Version 12.00
# Visual Studio 15
VisualStudioVersion = 15.0.26228.4
MinimumVisualStudioVersion = 10.0.40219.1
Project("{8BC9CEB8-8B4A-11D0-8D11-00A0C91BC942}") = "Core", "cpp_arcade.vcxproj", "{214C9846-080F-4916-9A28-8FB713400826}"
EndProject
Project("{8BC9CEB8-8B4A-11D0-8D11-00A0C91BC942}") = "Common", "Common\Common.vcxitems", "{4B985EF5-A2BC-4635-9E15-FEF8C6C58650}"
EndProject
Project("{2150E333-8FDC-42A3-9474-1A3956D46DE8}") = "Games", "Games", "{9C25028E-55A1-49DA-A913-22837FEA6CFA}"
EndProject
Project("{2150E333-8FDC-42A3-9474-1A3956D46DE8}") = "GfxLibs", "GfxLibs", "{5C2945FD-D162-4721-9CA2-BF274398587A}"
EndProject
Global
	GlobalSection(SharedMSBuildProjectFiles) = preSolution
		Common\Common.vcxitems*{214c9846-080f-4916-9a28-8fb713400826}*SharedItemsImports = 4
		Common\Common.vcxitems*{4b985ef5-a2bc-4635-9e15-fef8c6c58650}*SharedItemsImports = 9
	EndGlobalSection
	GlobalSection(SolutionConfigurationPlatforms) = preSolution
		Debug|x64 = Debug|x64
		Debug|x86 = Debug|x86
		Release|x64 = Release|x64
		Release|x86 = Release|x86
	EndGlobalSection
	GlobalSection(ProjectConfigurationPlatforms) = postSolution
		{214C9846-080F-4916-9A28-8FB713400826}.Debug|x64.ActiveCfg = Debug|x64
		{214C9846-080F-4916-9A28-8FB713400826}.Debug|x64.Build.0 = Debug|x64
		{214C9846-080F-4916-9A28-8FB713400826}.Debug|x86.ActiveCfg = Debug|Win32
		{214C9846-080F-4916-9A28-8FB713400826}.Debug|x86.Build.0 = Debug|Win32
		{214C9846-080F-4916-9A28-8FB713400826}.Release|x64.ActiveCfg = Release|x64
		{214C9846-080F-4916-9A28-8FB713400826}.Release|x64.Build.0 = Release|x64
		{214C9846-080F-4916-9A28-8FB713400826}.Release|x86.ActiveCfg = Release|Win32
		{214C9846-080F-4916-9A28-8FB713400826}.Release|x86.Build.0 = Release|Win32
	EndGlobalSection
	GlobalSection(SolutionProperties) = preSolution
		HideSolutionNode = FALSE
	EndGlobalSection
EndGlobal
