<?xml version="1.0" encoding="utf-8"?>
<Project ToolsVersion="4.0" xmlns="http://schemas.microsoft.com/developer/msbuild/2003">
  <ItemGroup>
    <Filter Include="Source Files">
      <UniqueIdentifier>{4FC737F1-C7A5-4376-A066-2A32D752A2FF}</UniqueIdentifier>
      <Extensions>cpp;c;cc;cxx;def;odl;idl;hpj;bat;asm;asmx</Extensions>
    </Filter>
    <Filter Include="Header Files">
      <UniqueIdentifier>{93995380-89BD-4b04-88EB-625FBE52EBFB}</UniqueIdentifier>
      <Extensions>h;hh;hpp;hxx;hm;inl;inc;xsd</Extensions>
    </Filter>
    <Filter Include="Resource Files">
      <UniqueIdentifier>{67DA6AB6-F800-4c08-8B7A-83BB121AAD01}</UniqueIdentifier>
      <Extensions>rc;ico;cur;bmp;dlg;rc2;rct;bin;rgs;gif;jpg;jpeg;jpe;resx;tiff;tif;png;wav;mfcribbon-ms</Extensions>
    </Filter>
    <Filter Include="Header Files\Exception">
      <UniqueIdentifier>{4fc47a49-c4cd-4a30-b54d-f142740cd02d}</UniqueIdentifier>
    </Filter>
    <Filter Include="Header Files\Network">
      <UniqueIdentifier>{dd241250-55af-43fa-8531-f3bca1876441}</UniqueIdentifier>
    </Filter>
    <Filter Include="Source Files\Logger">
      <UniqueIdentifier>{8ff34786-f30f-4ac0-a639-d160c3685c37}</UniqueIdentifier>
    </Filter>
    <Filter Include="Header Files\Logger">
      <UniqueIdentifier>{3d8446f2-27f5-419f-87a7-8bcf620cb1df}</UniqueIdentifier>
    </Filter>
  </ItemGroup>
  <ItemGroup>
    <ClCompile Include="core\src\GenLibrary.cpp">
      <Filter>Source Files</Filter>
    </ClCompile>
    <ClCompile Include="core\src\main.cpp">
      <Filter>Source Files</Filter>
    </ClCompile>
    <ClCompile Include="core\src\Core.cpp">
      <Filter>Source Files</Filter>
    </ClCompile>
    <ClCompile Include="core\src\logger\Logger.cpp">
      <Filter>Source Files\Logger</Filter>
    </ClCompile>
    <ClCompile Include="core\src\logger\LogMessage.cpp">
      <Filter>Source Files\Logger</Filter>
    </ClCompile>
    <ClCompile Include="core\src\logger\LogSink.cpp">
      <Filter>Source Files\Logger</Filter>
    </ClCompile>
  </ItemGroup>
  <ItemGroup>
    <ClInclude Include="core\src\exceptions\AException.hpp">
      <Filter>Header Files\Exception</Filter>
    </ClInclude>
    <ClInclude Include="core\src\exceptions\SockError.hpp">
      <Filter>Header Files\Exception</Filter>
    </ClInclude>
    <ClInclude Include="core\src\network\ASocket.hpp">
      <Filter>Header Files\Network</Filter>
    </ClInclude>
    <ClInclude Include="core\src\network\GenNetwork.hpp">
      <Filter>Header Files\Network</Filter>
    </ClInclude>
    <ClInclude Include="core\src\network\ISocket.hpp">
      <Filter>Header Files\Network</Filter>
    </ClInclude>
    <ClInclude Include="core\src\network\TCPSocket.hpp">
      <Filter>Header Files\Network</Filter>
    </ClInclude>
    <ClInclude Include="core\src\GenLibrary.hpp">
      <Filter>Header Files</Filter>
    </ClInclude>
    <ClInclude Include="core\src\Core.hpp">
      <Filter>Header Files</Filter>
    </ClInclude>
    <ClInclude Include="core\src\logger\Logger.hpp">
      <Filter>Header Files\Logger</Filter>
    </ClInclude>
    <ClInclude Include="core\src\logger\LogMessage.hpp">
      <Filter>Header Files\Logger</Filter>
    </ClInclude>
    <ClInclude Include="core\src\logger\LogSink.hpp">
      <Filter>Header Files\Logger</Filter>
    </ClInclude>
  </ItemGroup>
</Project>