<?xml version="1.0" encoding="utf-8"?>
<Project ToolsVersion="4.0" xmlns="http://schemas.microsoft.com/developer/msbuild/2003">
  <ItemGroup>
    <Filter Include="Header Files">
      <UniqueIdentifier>{0ce6250f-cd60-4741-b46c-4d1e45abe05c}</UniqueIdentifier>
    </Filter>
    <Filter Include="Source Files">
      <UniqueIdentifier>{de647ce9-9d2b-432c-8159-77a917080974}</UniqueIdentifier>
    </Filter>
    <Filter Include="Games">
      <UniqueIdentifier>{022fa28a-7f9a-4098-b770-b7ef7e2312ab}</UniqueIdentifier>
    </Filter>
    <Filter Include="Libs">
      <UniqueIdentifier>{213c0c38-b084-4d8e-a86b-9272e8a85cb8}</UniqueIdentifier>
    </Filter>
    <Filter Include="Games\Header Files">
      <UniqueIdentifier>{01375ab5-8f2b-4320-9995-ccc4e9686233}</UniqueIdentifier>
    </Filter>
    <Filter Include="Games\Source Files">
      <UniqueIdentifier>{d8432ef1-ddbc-4ac6-a5fd-a9e4777b67f7}</UniqueIdentifier>
    </Filter>
    <Filter Include="Libs\Header Files">
      <UniqueIdentifier>{ad77a250-7365-4e74-a343-5148727f97db}</UniqueIdentifier>
    </Filter>
    <Filter Include="Libs\Source Files">
      <UniqueIdentifier>{af2020e6-f0a8-4327-a764-68d56ced3398}</UniqueIdentifier>
    </Filter>
    <Filter Include="Test">
      <UniqueIdentifier>{6740c114-fb8d-4017-b6f4-f9a10b686f59}</UniqueIdentifier>
    </Filter>
  </ItemGroup>
  <ItemGroup>
    <ClCompile Include="$(MSBuildThisFileDirectory)src\Color.cpp" />
    <ClCompile Include="$(MSBuildThisFileDirectory)src\Event.cpp" />
    <ClCompile Include="$(MSBuildThisFileDirectory)src\Sound.cpp" />
    <ClCompile Include="$(MSBuildThisFileDirectory)src\AGfxLib.cpp" />
    <ClCompile Include="$(MSBuildThisFileDirectory)..\games_sources\games_common\src\AEntity.cpp" />
    <ClCompile Include="$(MSBuildThisFileDirectory)..\games_sources\games_common\src\AGame.cpp" />
    <ClCompile Include="$(MSBuildThisFileDirectory)..\games_sources\games_common\src\AMovable.cpp" />
    <ClCompile Include="$(MSBuildThisFileDirectory)..\games_sources\games_common\src\Component.cpp" />
    <ClCompile Include="$(MSBuildThisFileDirectory)..\games_sources\games_common\src\GUI.cpp" />
    <ClCompile Include="$(MSBuildThisFileDirectory)..\games_sources\games_common\src\Layer.cpp" />
    <ClCompile Include="$(MSBuildThisFileDirectory)..\games_sources\games_common\src\Map.cpp" />
    <ClCompile Include="$(MSBuildThisFileDirectory)..\games_sources\games_common\src\Position.cpp" />
    <ClCompile Include="$(MSBuildThisFileDirectory)..\games_sources\games_common\src\Sprite.cpp" />
    <ClCompile Include="$(MSBuildThisFileDirectory)..\games_sources\games_common\src\SpriteRef.cpp" />
    <ClCompile Include="$(MSBuildThisFileDirectory)..\games_sources\games_common\src\Tile.cpp" />
  </ItemGroup>
  <ItemGroup>
    <ClInclude Include="$(MSBuildThisFileDirectory)src\Color.hpp" />
    <ClInclude Include="$(MSBuildThisFileDirectory)src\Event.hpp" />
    <ClInclude Include="$(MSBuildThisFileDirectory)src\EventHash.hpp" />
    <ClInclude Include="$(MSBuildThisFileDirectory)src\GameState.hpp" />
    <ClInclude Include="$(MSBuildThisFileDirectory)src\IComponent.hpp" />
    <ClInclude Include="$(MSBuildThisFileDirectory)src\IGame.hpp" />
    <ClInclude Include="$(MSBuildThisFileDirectory)src\IGfxLib.hpp" />
    <ClInclude Include="$(MSBuildThisFileDirectory)src\IGUI.hpp" />
    <ClInclude Include="$(MSBuildThisFileDirectory)src\ILevel.hpp" />
    <ClInclude Include="$(MSBuildThisFileDirectory)src\IMap.hpp" />
    <ClInclude Include="$(MSBuildThisFileDirectory)src\IStat.hpp" />
    <ClInclude Include="$(MSBuildThisFileDirectory)src\ITile.hpp" />
    <ClInclude Include="$(MSBuildThisFileDirectory)src\NetworkPacket.hpp" />
    <ClInclude Include="$(MSBuildThisFileDirectory)src\Protocol.hpp" />
    <ClInclude Include="$(MSBuildThisFileDirectory)src\ISprite.hpp" />
    <ClInclude Include="$(MSBuildThisFileDirectory)src\Sound.hpp" />
    <ClInclude Include="$(MSBuildThisFileDirectory)src\AGfxLib.hpp" />
    <ClInclude Include="$(MSBuildThisFileDirectory)..\games_sources\games_common\src\AEntity.hpp" />
    <ClInclude Include="$(MSBuildThisFileDirectory)..\games_sources\games_common\src\AGame.hpp" />
    <ClInclude Include="$(MSBuildThisFileDirectory)..\games_sources\games_common\src\AMovable.hpp" />
    <ClInclude Include="$(MSBuildThisFileDirectory)..\games_sources\games_common\src\Component.hpp" />
    <ClInclude Include="$(MSBuildThisFileDirectory)..\games_sources\games_common\src\GUI.hpp" />
    <ClInclude Include="$(MSBuildThisFileDirectory)..\games_sources\games_common\src\IShooter.hpp" />
    <ClInclude Include="$(MSBuildThisFileDirectory)..\games_sources\games_common\src\Layer.hpp" />
    <ClInclude Include="$(MSBuildThisFileDirectory)..\games_sources\games_common\src\Map.hpp" />
    <ClInclude Include="$(MSBuildThisFileDirectory)..\games_sources\games_common\src\Position.hpp" />
    <ClInclude Include="$(MSBuildThisFileDirectory)..\games_sources\games_common\src\Sprite.hpp" />
    <ClInclude Include="$(MSBuildThisFileDirectory)..\games_sources\games_common\src\SpriteRef.hpp" />
    <ClInclude Include="$(MSBuildThisFileDirectory)..\games_sources\games_common\src\Tile.hpp" />
  </ItemGroup>
</Project>